// !$*UTF8*$!
{
	archiveVersion = 1;
	classes = {
	};
	objectVersion = 46;
	objects = {

/* Begin PBXBuildFile section */
		248B61581A2A9958008BF9EB /* close-round.svg in Resources */ = {isa = PBXBuildFile; fileRef = 248B61571A2A9958008BF9EB /* close-round.svg */; };
		248B615A1A2A9AE3008BF9EB /* close-round.png in Resources */ = {isa = PBXBuildFile; fileRef = 248B61591A2A9AE3008BF9EB /* close-round.png */; };
		248B616D1A2AD2DB008BF9EB /* Contents.json in Resources */ = {isa = PBXBuildFile; fileRef = 248B615C1A2AD2DB008BF9EB /* Contents.json */; };
		248B616E1A2AD2DB008BF9EB /* Icon-40.png in Resources */ = {isa = PBXBuildFile; fileRef = 248B615D1A2AD2DB008BF9EB /* Icon-40.png */; };
		248B616F1A2AD2DB008BF9EB /* Icon-40@2x.png in Resources */ = {isa = PBXBuildFile; fileRef = 248B615E1A2AD2DB008BF9EB /* Icon-40@2x.png */; };
		248B61701A2AD2DB008BF9EB /* Icon-40@3x.png in Resources */ = {isa = PBXBuildFile; fileRef = 248B615F1A2AD2DB008BF9EB /* Icon-40@3x.png */; };
		248B61711A2AD2DB008BF9EB /* Icon-60@2x.png in Resources */ = {isa = PBXBuildFile; fileRef = 248B61601A2AD2DB008BF9EB /* Icon-60@2x.png */; };
		248B61721A2AD2DB008BF9EB /* Icon-60@3x.png in Resources */ = {isa = PBXBuildFile; fileRef = 248B61611A2AD2DB008BF9EB /* Icon-60@3x.png */; };
		248B61731A2AD2DB008BF9EB /* Icon-76.png in Resources */ = {isa = PBXBuildFile; fileRef = 248B61621A2AD2DB008BF9EB /* Icon-76.png */; };
		248B61741A2AD2DB008BF9EB /* Icon-76@2x.png in Resources */ = {isa = PBXBuildFile; fileRef = 248B61631A2AD2DB008BF9EB /* Icon-76@2x.png */; };
		248B61751A2AD2DB008BF9EB /* Icon-Small.png in Resources */ = {isa = PBXBuildFile; fileRef = 248B61641A2AD2DB008BF9EB /* Icon-Small.png */; };
		248B61761A2AD2DB008BF9EB /* Icon-Small@2x.png in Resources */ = {isa = PBXBuildFile; fileRef = 248B61651A2AD2DB008BF9EB /* Icon-Small@2x.png */; };
		248B61771A2AD2DB008BF9EB /* Icon-Small@3x.png in Resources */ = {isa = PBXBuildFile; fileRef = 248B61661A2AD2DB008BF9EB /* Icon-Small@3x.png */; };
		248B61781A2AD2DB008BF9EB /* LobsterTwo-Bold.ttf in Resources */ = {isa = PBXBuildFile; fileRef = 248B61681A2AD2DB008BF9EB /* LobsterTwo-Bold.ttf */; };
		248B61791A2AD2DB008BF9EB /* LobsterTwo-BoldItalic.ttf in Resources */ = {isa = PBXBuildFile; fileRef = 248B61691A2AD2DB008BF9EB /* LobsterTwo-BoldItalic.ttf */; };
		248B617A1A2AD2DB008BF9EB /* LobsterTwo-Italic.ttf in Resources */ = {isa = PBXBuildFile; fileRef = 248B616A1A2AD2DB008BF9EB /* LobsterTwo-Italic.ttf */; };
		248B617B1A2AD2DB008BF9EB /* LobsterTwo-Regular.ttf in Resources */ = {isa = PBXBuildFile; fileRef = 248B616B1A2AD2DB008BF9EB /* LobsterTwo-Regular.ttf */; };
		248B617C1A2AD2DB008BF9EB /* OFL.txt in Resources */ = {isa = PBXBuildFile; fileRef = 248B616C1A2AD2DB008BF9EB /* OFL.txt */; };
		248B617E1A2AE40E008BF9EB /* plus-round.png in Resources */ = {isa = PBXBuildFile; fileRef = 248B617D1A2AE40E008BF9EB /* plus-round.png */; };
		248B61801A2AE51D008BF9EB /* MainViewController.swift in Sources */ = {isa = PBXBuildFile; fileRef = 248B617F1A2AE51D008BF9EB /* MainViewController.swift */; };
		24BFAED11A296826005B9276 /* AppDelegate.swift in Sources */ = {isa = PBXBuildFile; fileRef = 24BFAED01A296826005B9276 /* AppDelegate.swift */; };
		24BFAED41A296826005B9276 /* CatchUp.xcdatamodeld in Sources */ = {isa = PBXBuildFile; fileRef = 24BFAED21A296826005B9276 /* CatchUp.xcdatamodeld */; };
		24BFAED61A296826005B9276 /* FriendChooseViewController.swift in Sources */ = {isa = PBXBuildFile; fileRef = 24BFAED51A296826005B9276 /* FriendChooseViewController.swift */; };
		24BFAED91A296826005B9276 /* Main.storyboard in Resources */ = {isa = PBXBuildFile; fileRef = 24BFAED71A296826005B9276 /* Main.storyboard */; };
		24BFAEDB1A296826005B9276 /* Images.xcassets in Resources */ = {isa = PBXBuildFile; fileRef = 24BFAEDA1A296826005B9276 /* Images.xcassets */; };
		24BFAEDE1A296826005B9276 /* LaunchScreen.xib in Resources */ = {isa = PBXBuildFile; fileRef = 24BFAEDC1A296826005B9276 /* LaunchScreen.xib */; };
		24BFAEEA1A296826005B9276 /* CatchUpTests.swift in Sources */ = {isa = PBXBuildFile; fileRef = 24BFAEE91A296826005B9276 /* CatchUpTests.swift */; };
		24BFAEF51A2968D6005B9276 /* splash.png in Resources */ = {isa = PBXBuildFile; fileRef = 24BFAEF41A2968D6005B9276 /* splash.png */; };
/* End PBXBuildFile section */

/* Begin PBXContainerItemProxy section */
		24BFAEE41A296826005B9276 /* PBXContainerItemProxy */ = {
			isa = PBXContainerItemProxy;
			containerPortal = 24BFAEC31A296826005B9276 /* Project object */;
			proxyType = 1;
			remoteGlobalIDString = 24BFAECA1A296826005B9276;
			remoteInfo = CatchUp;
		};
/* End PBXContainerItemProxy section */

/* Begin PBXFileReference section */
		248B61571A2A9958008BF9EB /* close-round.svg */ = {isa = PBXFileReference; fileEncoding = 4; lastKnownFileType = text.xml; path = "close-round.svg"; sourceTree = "<group>"; };
		248B61591A2A9AE3008BF9EB /* close-round.png */ = {isa = PBXFileReference; lastKnownFileType = image.png; path = "close-round.png"; sourceTree = "<group>"; };
		248B615C1A2AD2DB008BF9EB /* Contents.json */ = {isa = PBXFileReference; fileEncoding = 4; lastKnownFileType = text.json; path = Contents.json; sourceTree = "<group>"; };
		248B615D1A2AD2DB008BF9EB /* Icon-40.png */ = {isa = PBXFileReference; lastKnownFileType = image.png; path = "Icon-40.png"; sourceTree = "<group>"; };
		248B615E1A2AD2DB008BF9EB /* Icon-40@2x.png */ = {isa = PBXFileReference; lastKnownFileType = image.png; path = "Icon-40@2x.png"; sourceTree = "<group>"; };
		248B615F1A2AD2DB008BF9EB /* Icon-40@3x.png */ = {isa = PBXFileReference; lastKnownFileType = image.png; path = "Icon-40@3x.png"; sourceTree = "<group>"; };
		248B61601A2AD2DB008BF9EB /* Icon-60@2x.png */ = {isa = PBXFileReference; lastKnownFileType = image.png; path = "Icon-60@2x.png"; sourceTree = "<group>"; };
		248B61611A2AD2DB008BF9EB /* Icon-60@3x.png */ = {isa = PBXFileReference; lastKnownFileType = image.png; path = "Icon-60@3x.png"; sourceTree = "<group>"; };
		248B61621A2AD2DB008BF9EB /* Icon-76.png */ = {isa = PBXFileReference; lastKnownFileType = image.png; path = "Icon-76.png"; sourceTree = "<group>"; };
		248B61631A2AD2DB008BF9EB /* Icon-76@2x.png */ = {isa = PBXFileReference; lastKnownFileType = image.png; path = "Icon-76@2x.png"; sourceTree = "<group>"; };
		248B61641A2AD2DB008BF9EB /* Icon-Small.png */ = {isa = PBXFileReference; lastKnownFileType = image.png; path = "Icon-Small.png"; sourceTree = "<group>"; };
		248B61651A2AD2DB008BF9EB /* Icon-Small@2x.png */ = {isa = PBXFileReference; lastKnownFileType = image.png; path = "Icon-Small@2x.png"; sourceTree = "<group>"; };
		248B61661A2AD2DB008BF9EB /* Icon-Small@3x.png */ = {isa = PBXFileReference; lastKnownFileType = image.png; path = "Icon-Small@3x.png"; sourceTree = "<group>"; };
		248B61681A2AD2DB008BF9EB /* LobsterTwo-Bold.ttf */ = {isa = PBXFileReference; lastKnownFileType = file; path = "LobsterTwo-Bold.ttf"; sourceTree = "<group>"; };
		248B61691A2AD2DB008BF9EB /* LobsterTwo-BoldItalic.ttf */ = {isa = PBXFileReference; lastKnownFileType = file; path = "LobsterTwo-BoldItalic.ttf"; sourceTree = "<group>"; };
		248B616A1A2AD2DB008BF9EB /* LobsterTwo-Italic.ttf */ = {isa = PBXFileReference; lastKnownFileType = file; path = "LobsterTwo-Italic.ttf"; sourceTree = "<group>"; };
		248B616B1A2AD2DB008BF9EB /* LobsterTwo-Regular.ttf */ = {isa = PBXFileReference; lastKnownFileType = file; path = "LobsterTwo-Regular.ttf"; sourceTree = "<group>"; };
		248B616C1A2AD2DB008BF9EB /* OFL.txt */ = {isa = PBXFileReference; fileEncoding = 4; lastKnownFileType = text; path = OFL.txt; sourceTree = "<group>"; };
		248B617D1A2AE40E008BF9EB /* plus-round.png */ = {isa = PBXFileReference; lastKnownFileType = image.png; path = "plus-round.png"; sourceTree = "<group>"; };
		248B617F1A2AE51D008BF9EB /* MainViewController.swift */ = {isa = PBXFileReference; fileEncoding = 4; lastKnownFileType = sourcecode.swift; path = MainViewController.swift; sourceTree = "<group>"; };
		24BFAECB1A296826005B9276 /* CatchUp.app */ = {isa = PBXFileReference; explicitFileType = wrapper.application; includeInIndex = 0; path = CatchUp.app; sourceTree = BUILT_PRODUCTS_DIR; };
		24BFAECF1A296826005B9276 /* Info.plist */ = {isa = PBXFileReference; lastKnownFileType = text.plist.xml; path = Info.plist; sourceTree = "<group>"; };
		24BFAED01A296826005B9276 /* AppDelegate.swift */ = {isa = PBXFileReference; lastKnownFileType = sourcecode.swift; path = AppDelegate.swift; sourceTree = "<group>"; };
		24BFAED31A296826005B9276 /* CatchUp.xcdatamodel */ = {isa = PBXFileReference; lastKnownFileType = wrapper.xcdatamodel; path = CatchUp.xcdatamodel; sourceTree = "<group>"; };
		24BFAED51A296826005B9276 /* FriendChooseViewController.swift */ = {isa = PBXFileReference; lastKnownFileType = sourcecode.swift; path = FriendChooseViewController.swift; sourceTree = "<group>"; };
		24BFAED81A296826005B9276 /* Base */ = {isa = PBXFileReference; lastKnownFileType = file.storyboard; name = Base; path = Base.lproj/Main.storyboard; sourceTree = "<group>"; };
		24BFAEDA1A296826005B9276 /* Images.xcassets */ = {isa = PBXFileReference; lastKnownFileType = folder.assetcatalog; path = Images.xcassets; sourceTree = "<group>"; };
		24BFAEDD1A296826005B9276 /* Base */ = {isa = PBXFileReference; lastKnownFileType = file.xib; name = Base; path = Base.lproj/LaunchScreen.xib; sourceTree = "<group>"; };
		24BFAEE31A296826005B9276 /* CatchUpTests.xctest */ = {isa = PBXFileReference; explicitFileType = wrapper.cfbundle; includeInIndex = 0; path = CatchUpTests.xctest; sourceTree = BUILT_PRODUCTS_DIR; };
		24BFAEE81A296826005B9276 /* Info.plist */ = {isa = PBXFileReference; lastKnownFileType = text.plist.xml; path = Info.plist; sourceTree = "<group>"; };
		24BFAEE91A296826005B9276 /* CatchUpTests.swift */ = {isa = PBXFileReference; lastKnownFileType = sourcecode.swift; path = CatchUpTests.swift; sourceTree = "<group>"; };
		24BFAEF41A2968D6005B9276 /* splash.png */ = {isa = PBXFileReference; lastKnownFileType = image.png; path = splash.png; sourceTree = "<group>"; };
/* End PBXFileReference section */

/* Begin PBXFrameworksBuildPhase section */
		24BFAEC81A296826005B9276 /* Frameworks */ = {
			isa = PBXFrameworksBuildPhase;
			buildActionMask = 2147483647;
			files = (
			);
			runOnlyForDeploymentPostprocessing = 0;
		};
		24BFAEE01A296826005B9276 /* Frameworks */ = {
			isa = PBXFrameworksBuildPhase;
			buildActionMask = 2147483647;
			files = (
			);
			runOnlyForDeploymentPostprocessing = 0;
		};
/* End PBXFrameworksBuildPhase section */

/* Begin PBXGroup section */
		248B615B1A2AD2DB008BF9EB /* AppIcon.appiconset */ = {
			isa = PBXGroup;
			children = (
				248B615C1A2AD2DB008BF9EB /* Contents.json */,
				248B615D1A2AD2DB008BF9EB /* Icon-40.png */,
				248B615E1A2AD2DB008BF9EB /* Icon-40@2x.png */,
				248B615F1A2AD2DB008BF9EB /* Icon-40@3x.png */,
				248B61601A2AD2DB008BF9EB /* Icon-60@2x.png */,
				248B61611A2AD2DB008BF9EB /* Icon-60@3x.png */,
				248B61621A2AD2DB008BF9EB /* Icon-76.png */,
				248B61631A2AD2DB008BF9EB /* Icon-76@2x.png */,
				248B61641A2AD2DB008BF9EB /* Icon-Small.png */,
				248B61651A2AD2DB008BF9EB /* Icon-Small@2x.png */,
				248B61661A2AD2DB008BF9EB /* Icon-Small@3x.png */,
			);
			path = AppIcon.appiconset;
			sourceTree = "<group>";
		};
		248B61671A2AD2DB008BF9EB /* Lobster_Two */ = {
			isa = PBXGroup;
			children = (
				248B61681A2AD2DB008BF9EB /* LobsterTwo-Bold.ttf */,
				248B61691A2AD2DB008BF9EB /* LobsterTwo-BoldItalic.ttf */,
				248B616A1A2AD2DB008BF9EB /* LobsterTwo-Italic.ttf */,
				248B616B1A2AD2DB008BF9EB /* LobsterTwo-Regular.ttf */,
				248B616C1A2AD2DB008BF9EB /* OFL.txt */,
			);
			path = Lobster_Two;
			sourceTree = "<group>";
		};
		24BFAEC21A296826005B9276 = {
			isa = PBXGroup;
			children = (
				24BFAECD1A296826005B9276 /* CatchUp */,
				24BFAEE61A296826005B9276 /* CatchUpTests */,
				24BFAECC1A296826005B9276 /* Products */,
			);
			sourceTree = "<group>";
		};
		24BFAECC1A296826005B9276 /* Products */ = {
			isa = PBXGroup;
			children = (
				24BFAECB1A296826005B9276 /* CatchUp.app */,
				24BFAEE31A296826005B9276 /* CatchUpTests.xctest */,
			);
			name = Products;
			sourceTree = "<group>";
		};
		24BFAECD1A296826005B9276 /* CatchUp */ = {
			isa = PBXGroup;
			children = (
				24BFAED01A296826005B9276 /* AppDelegate.swift */,
				24BFAED51A296826005B9276 /* FriendChooseViewController.swift */,
				24BFAED71A296826005B9276 /* Main.storyboard */,
				248B617F1A2AE51D008BF9EB /* MainViewController.swift */,
				24BFAEDA1A296826005B9276 /* Images.xcassets */,
				24BFAEDC1A296826005B9276 /* LaunchScreen.xib */,
				24BFAEF31A2968D6005B9276 /* assets */,
				24BFAED21A296826005B9276 /* CatchUp.xcdatamodeld */,
				24BFAECE1A296826005B9276 /* Supporting Files */,
			);
			path = CatchUp;
			sourceTree = "<group>";
		};
		24BFAECE1A296826005B9276 /* Supporting Files */ = {
			isa = PBXGroup;
			children = (
				24BFAECF1A296826005B9276 /* Info.plist */,
			);
			name = "Supporting Files";
			sourceTree = "<group>";
		};
		24BFAEE61A296826005B9276 /* CatchUpTests */ = {
			isa = PBXGroup;
			children = (
				24BFAEE91A296826005B9276 /* CatchUpTests.swift */,
				24BFAEE71A296826005B9276 /* Supporting Files */,
			);
			path = CatchUpTests;
			sourceTree = "<group>";
		};
		24BFAEE71A296826005B9276 /* Supporting Files */ = {
			isa = PBXGroup;
			children = (
				24BFAEE81A296826005B9276 /* Info.plist */,
			);
			name = "Supporting Files";
			sourceTree = "<group>";
		};
		24BFAEF31A2968D6005B9276 /* assets */ = {
			isa = PBXGroup;
			children = (
				248B617D1A2AE40E008BF9EB /* plus-round.png */,
				248B615B1A2AD2DB008BF9EB /* AppIcon.appiconset */,
				248B61671A2AD2DB008BF9EB /* Lobster_Two */,
				248B61591A2A9AE3008BF9EB /* close-round.png */,
				248B61571A2A9958008BF9EB /* close-round.svg */,
				24BFAEF41A2968D6005B9276 /* splash.png */,
			);
			path = assets;
			sourceTree = "<group>";
		};
/* End PBXGroup section */

/* Begin PBXNativeTarget section */
		24BFAECA1A296826005B9276 /* CatchUp */ = {
			isa = PBXNativeTarget;
			buildConfigurationList = 24BFAEED1A296826005B9276 /* Build configuration list for PBXNativeTarget "CatchUp" */;
			buildPhases = (
				24BFAEC71A296826005B9276 /* Sources */,
				24BFAEC81A296826005B9276 /* Frameworks */,
				24BFAEC91A296826005B9276 /* Resources */,
			);
			buildRules = (
			);
			dependencies = (
			);
			name = CatchUp;
			productName = CatchUp;
			productReference = 24BFAECB1A296826005B9276 /* CatchUp.app */;
			productType = "com.apple.product-type.application";
		};
		24BFAEE21A296826005B9276 /* CatchUpTests */ = {
			isa = PBXNativeTarget;
			buildConfigurationList = 24BFAEF01A296826005B9276 /* Build configuration list for PBXNativeTarget "CatchUpTests" */;
			buildPhases = (
				24BFAEDF1A296826005B9276 /* Sources */,
				24BFAEE01A296826005B9276 /* Frameworks */,
				24BFAEE11A296826005B9276 /* Resources */,
			);
			buildRules = (
			);
			dependencies = (
				24BFAEE51A296826005B9276 /* PBXTargetDependency */,
			);
			name = CatchUpTests;
			productName = CatchUpTests;
			productReference = 24BFAEE31A296826005B9276 /* CatchUpTests.xctest */;
			productType = "com.apple.product-type.bundle.unit-test";
		};
/* End PBXNativeTarget section */

/* Begin PBXProject section */
		24BFAEC31A296826005B9276 /* Project object */ = {
			isa = PBXProject;
			attributes = {
				LastUpgradeCheck = 0610;
				ORGANIZATIONNAME = "Mandelbrot Makers";
				TargetAttributes = {
					24BFAECA1A296826005B9276 = {
						CreatedOnToolsVersion = 6.1;
						DevelopmentTeam = 9GBAM3DMVN;
					};
					24BFAEE21A296826005B9276 = {
						CreatedOnToolsVersion = 6.1;
						TestTargetID = 24BFAECA1A296826005B9276;
					};
				};
			};
			buildConfigurationList = 24BFAEC61A296826005B9276 /* Build configuration list for PBXProject "CatchUp" */;
			compatibilityVersion = "Xcode 3.2";
			developmentRegion = English;
			hasScannedForEncodings = 0;
			knownRegions = (
				en,
				Base,
			);
			mainGroup = 24BFAEC21A296826005B9276;
			productRefGroup = 24BFAECC1A296826005B9276 /* Products */;
			projectDirPath = "";
			projectRoot = "";
			targets = (
				24BFAECA1A296826005B9276 /* CatchUp */,
				24BFAEE21A296826005B9276 /* CatchUpTests */,
			);
		};
/* End PBXProject section */

/* Begin PBXResourcesBuildPhase section */
		24BFAEC91A296826005B9276 /* Resources */ = {
			isa = PBXResourcesBuildPhase;
			buildActionMask = 2147483647;
			files = (
				248B61721A2AD2DB008BF9EB /* Icon-60@3x.png in Resources */,
				248B61731A2AD2DB008BF9EB /* Icon-76.png in Resources */,
				248B616E1A2AD2DB008BF9EB /* Icon-40.png in Resources */,
				248B61791A2AD2DB008BF9EB /* LobsterTwo-BoldItalic.ttf in Resources */,
				24BFAEF51A2968D6005B9276 /* splash.png in Resources */,
				248B61741A2AD2DB008BF9EB /* Icon-76@2x.png in Resources */,
				24BFAED91A296826005B9276 /* Main.storyboard in Resources */,
				248B616F1A2AD2DB008BF9EB /* Icon-40@2x.png in Resources */,
				248B61711A2AD2DB008BF9EB /* Icon-60@2x.png in Resources */,
				248B617A1A2AD2DB008BF9EB /* LobsterTwo-Italic.ttf in Resources */,
				248B61751A2AD2DB008BF9EB /* Icon-Small.png in Resources */,
				248B61771A2AD2DB008BF9EB /* Icon-Small@3x.png in Resources */,
				248B617C1A2AD2DB008BF9EB /* OFL.txt in Resources */,
				248B61701A2AD2DB008BF9EB /* Icon-40@3x.png in Resources */,
				248B61581A2A9958008BF9EB /* close-round.svg in Resources */,
				248B61781A2AD2DB008BF9EB /* LobsterTwo-Bold.ttf in Resources */,
				248B617B1A2AD2DB008BF9EB /* LobsterTwo-Regular.ttf in Resources */,
				248B617E1A2AE40E008BF9EB /* plus-round.png in Resources */,
				24BFAEDE1A296826005B9276 /* LaunchScreen.xib in Resources */,
				248B615A1A2A9AE3008BF9EB /* close-round.png in Resources */,
				248B61761A2AD2DB008BF9EB /* Icon-Small@2x.png in Resources */,
				24BFAEDB1A296826005B9276 /* Images.xcassets in Resources */,
				248B616D1A2AD2DB008BF9EB /* Contents.json in Resources */,
			);
			runOnlyForDeploymentPostprocessing = 0;
		};
		24BFAEE11A296826005B9276 /* Resources */ = {
			isa = PBXResourcesBuildPhase;
			buildActionMask = 2147483647;
			files = (
			);
			runOnlyForDeploymentPostprocessing = 0;
		};
/* End PBXResourcesBuildPhase section */

/* Begin PBXSourcesBuildPhase section */
		24BFAEC71A296826005B9276 /* Sources */ = {
			isa = PBXSourcesBuildPhase;
			buildActionMask = 2147483647;
			files = (
				248B61801A2AE51D008BF9EB /* MainViewController.swift in Sources */,
				24BFAED61A296826005B9276 /* FriendChooseViewController.swift in Sources */,
				24BFAED41A296826005B9276 /* CatchUp.xcdatamodeld in Sources */,
				24BFAED11A296826005B9276 /* AppDelegate.swift in Sources */,
			);
			runOnlyForDeploymentPostprocessing = 0;
		};
		24BFAEDF1A296826005B9276 /* Sources */ = {
			isa = PBXSourcesBuildPhase;
			buildActionMask = 2147483647;
			files = (
				24BFAEEA1A296826005B9276 /* CatchUpTests.swift in Sources */,
			);
			runOnlyForDeploymentPostprocessing = 0;
		};
/* End PBXSourcesBuildPhase section */

/* Begin PBXTargetDependency section */
		24BFAEE51A296826005B9276 /* PBXTargetDependency */ = {
			isa = PBXTargetDependency;
			target = 24BFAECA1A296826005B9276 /* CatchUp */;
			targetProxy = 24BFAEE41A296826005B9276 /* PBXContainerItemProxy */;
		};
/* End PBXTargetDependency section */

/* Begin PBXVariantGroup section */
		24BFAED71A296826005B9276 /* Main.storyboard */ = {
			isa = PBXVariantGroup;
			children = (
				24BFAED81A296826005B9276 /* Base */,
			);
			name = Main.storyboard;
			sourceTree = "<group>";
		};
		24BFAEDC1A296826005B9276 /* LaunchScreen.xib */ = {
			isa = PBXVariantGroup;
			children = (
				24BFAEDD1A296826005B9276 /* Base */,
			);
			name = LaunchScreen.xib;
			sourceTree = "<group>";
		};
/* End PBXVariantGroup section */

/* Begin XCBuildConfiguration section */
		24BFAEEB1A296826005B9276 /* Debug */ = {
			isa = XCBuildConfiguration;
			buildSettings = {
				ALWAYS_SEARCH_USER_PATHS = NO;
				CLANG_CXX_LANGUAGE_STANDARD = "gnu++0x";
				CLANG_CXX_LIBRARY = "libc++";
				CLANG_ENABLE_MODULES = YES;
				CLANG_ENABLE_OBJC_ARC = YES;
				CLANG_WARN_BOOL_CONVERSION = YES;
				CLANG_WARN_CONSTANT_CONVERSION = YES;
				CLANG_WARN_DIRECT_OBJC_ISA_USAGE = YES_ERROR;
				CLANG_WARN_EMPTY_BODY = YES;
				CLANG_WARN_ENUM_CONVERSION = YES;
				CLANG_WARN_INT_CONVERSION = YES;
				CLANG_WARN_OBJC_ROOT_CLASS = YES_ERROR;
				CLANG_WARN_UNREACHABLE_CODE = YES;
				CLANG_WARN__DUPLICATE_METHOD_MATCH = YES;
				"CODE_SIGN_IDENTITY[sdk=iphoneos*]" = "iPhone Developer";
				COPY_PHASE_STRIP = NO;
				ENABLE_STRICT_OBJC_MSGSEND = YES;
				GCC_C_LANGUAGE_STANDARD = gnu99;
				GCC_DYNAMIC_NO_PIC = NO;
				GCC_OPTIMIZATION_LEVEL = 0;
				GCC_PREPROCESSOR_DEFINITIONS = (
					"DEBUG=1",
					"$(inherited)",
				);
				GCC_SYMBOLS_PRIVATE_EXTERN = NO;
				GCC_WARN_64_TO_32_BIT_CONVERSION = YES;
				GCC_WARN_ABOUT_RETURN_TYPE = YES_ERROR;
				GCC_WARN_UNDECLARED_SELECTOR = YES;
				GCC_WARN_UNINITIALIZED_AUTOS = YES_AGGRESSIVE;
				GCC_WARN_UNUSED_FUNCTION = YES;
				GCC_WARN_UNUSED_VARIABLE = YES;
				IPHONEOS_DEPLOYMENT_TARGET = 8.1;
				MTL_ENABLE_DEBUG_INFO = YES;
				ONLY_ACTIVE_ARCH = YES;
				SDKROOT = iphoneos;
				SWIFT_OPTIMIZATION_LEVEL = "-Onone";
			};
			name = Debug;
		};
		24BFAEEC1A296826005B9276 /* Release */ = {
			isa = XCBuildConfiguration;
			buildSettings = {
				ALWAYS_SEARCH_USER_PATHS = NO;
				CLANG_CXX_LANGUAGE_STANDARD = "gnu++0x";
				CLANG_CXX_LIBRARY = "libc++";
				CLANG_ENABLE_MODULES = YES;
				CLANG_ENABLE_OBJC_ARC = YES;
				CLANG_WARN_BOOL_CONVERSION = YES;
				CLANG_WARN_CONSTANT_CONVERSION = YES;
				CLANG_WARN_DIRECT_OBJC_ISA_USAGE = YES_ERROR;
				CLANG_WARN_EMPTY_BODY = YES;
				CLANG_WARN_ENUM_CONVERSION = YES;
				CLANG_WARN_INT_CONVERSION = YES;
				CLANG_WARN_OBJC_ROOT_CLASS = YES_ERROR;
				CLANG_WARN_UNREACHABLE_CODE = YES;
				CLANG_WARN__DUPLICATE_METHOD_MATCH = YES;
				"CODE_SIGN_IDENTITY[sdk=iphoneos*]" = "iPhone Developer";
				COPY_PHASE_STRIP = YES;
				ENABLE_NS_ASSERTIONS = NO;
				ENABLE_STRICT_OBJC_MSGSEND = YES;
				GCC_C_LANGUAGE_STANDARD = gnu99;
				GCC_WARN_64_TO_32_BIT_CONVERSION = YES;
				GCC_WARN_ABOUT_RETURN_TYPE = YES_ERROR;
				GCC_WARN_UNDECLARED_SELECTOR = YES;
				GCC_WARN_UNINITIALIZED_AUTOS = YES_AGGRESSIVE;
				GCC_WARN_UNUSED_FUNCTION = YES;
				GCC_WARN_UNUSED_VARIABLE = YES;
				IPHONEOS_DEPLOYMENT_TARGET = 8.1;
				MTL_ENABLE_DEBUG_INFO = NO;
				SDKROOT = iphoneos;
				VALIDATE_PRODUCT = YES;
			};
			name = Release;
		};
		24BFAEEE1A296826005B9276 /* Debug */ = {
			isa = XCBuildConfiguration;
			buildSettings = {
				ASSETCATALOG_COMPILER_APPICON_NAME = AppIcon;
				ASSETCATALOG_COMPILER_LAUNCHIMAGE_NAME = LaunchImage;
				INFOPLIST_FILE = CatchUp/Info.plist;
				LD_RUNPATH_SEARCH_PATHS = "$(inherited) @executable_path/Frameworks";
				PRODUCT_NAME = "$(TARGET_NAME)";
			};
			name = Debug;
		};
		24BFAEEF1A296826005B9276 /* Release */ = {
			isa = XCBuildConfiguration;
			buildSettings = {
				ASSETCATALOG_COMPILER_APPICON_NAME = AppIcon;
				ASSETCATALOG_COMPILER_LAUNCHIMAGE_NAME = LaunchImage;
				INFOPLIST_FILE = CatchUp/Info.plist;
				LD_RUNPATH_SEARCH_PATHS = "$(inherited) @executable_path/Frameworks";
				PRODUCT_NAME = "$(TARGET_NAME)";
			};
			name = Release;
		};
		24BFAEF11A296826005B9276 /* Debug */ = {
			isa = XCBuildConfiguration;
			buildSettings = {
				BUNDLE_LOADER = "$(TEST_HOST)";
				FRAMEWORK_SEARCH_PATHS = (
					"$(SDKROOT)/Developer/Library/Frameworks",
					"$(inherited)",
				);
				GCC_PREPROCESSOR_DEFINITIONS = (
					"DEBUG=1",
					"$(inherited)",
				);
				INFOPLIST_FILE = CatchUpTests/Info.plist;
				LD_RUNPATH_SEARCH_PATHS = "$(inherited) @executable_path/Frameworks @loader_path/Frameworks";
				PRODUCT_NAME = "$(TARGET_NAME)";
				TEST_HOST = "$(BUILT_PRODUCTS_DIR)/CatchUp.app/CatchUp";
			};
			name = Debug;
		};
		24BFAEF21A296826005B9276 /* Release */ = {
			isa = XCBuildConfiguration;
			buildSettings = {
				BUNDLE_LOADER = "$(TEST_HOST)";
				FRAMEWORK_SEARCH_PATHS = (
					"$(SDKROOT)/Developer/Library/Frameworks",
					"$(inherited)",
				);
				INFOPLIST_FILE = CatchUpTests/Info.plist;
				LD_RUNPATH_SEARCH_PATHS = "$(inherited) @executable_path/Frameworks @loader_path/Frameworks";
				PRODUCT_NAME = "$(TARGET_NAME)";
				TEST_HOST = "$(BUILT_PRODUCTS_DIR)/CatchUp.app/CatchUp";
			};
			name = Release;
		};
/* End XCBuildConfiguration section */

/* Begin XCConfigurationList section */
		24BFAEC61A296826005B9276 /* Build configuration list for PBXProject "CatchUp" */ = {
			isa = XCConfigurationList;
			buildConfigurations = (
				24BFAEEB1A296826005B9276 /* Debug */,
				24BFAEEC1A296826005B9276 /* Release */,
			);
			defaultConfigurationIsVisible = 0;
			defaultConfigurationName = Release;
		};
		24BFAEED1A296826005B9276 /* Build configuration list for PBXNativeTarget "CatchUp" */ = {
			isa = XCConfigurationList;
			buildConfigurations = (
				24BFAEEE1A296826005B9276 /* Debug */,
				24BFAEEF1A296826005B9276 /* Release */,
			);
			defaultConfigurationIsVisible = 0;
			defaultConfigurationName = Release;
		};
		24BFAEF01A296826005B9276 /* Build configuration list for PBXNativeTarget "CatchUpTests" */ = {
			isa = XCConfigurationList;
			buildConfigurations = (
				24BFAEF11A296826005B9276 /* Debug */,
				24BFAEF21A296826005B9276 /* Release */,
			);
			defaultConfigurationIsVisible = 0;
			defaultConfigurationName = Release;
		};
/* End XCConfigurationList section */

/* Begin XCVersionGroup section */
		24BFAED21A296826005B9276 /* CatchUp.xcdatamodeld */ = {
			isa = XCVersionGroup;
			children = (
				24BFAED31A296826005B9276 /* CatchUp.xcdatamodel */,
			);
			currentVersion = 24BFAED31A296826005B9276 /* CatchUp.xcdatamodel */;
			path = CatchUp.xcdatamodeld;
			sourceTree = "<group>";
			versionGroupType = wrapper.xcdatamodel;
		};
/* End XCVersionGroup section */
	};
	rootObject = 24BFAEC31A296826005B9276 /* Project object */;
}
